
Microsoft Visual Studio Solution File, Format Version 12.00
# Visual Studio Version 17
VisualStudioVersion = 17.4.33110.190
MinimumVisualStudioVersion = 10.0.40219.1
Project("{FAE04EC0-301F-11D3-BF4B-00C04F79EFBC}") = "sqlapp", "sqlapp\sqlapp.csproj", "{76B78E16-BD8C-4FA8-9771-BF47B6B4794E}"
EndProject
Global
	GlobalSection(SolutionConfigurationPlatforms) = preSolution
		Debug|Any CPU = Debug|Any CPU
		Release|Any CPU = Release|Any CPU
	EndGlobalSection
	GlobalSection(ProjectConfigurationPlatforms) = postSolution
		{76B78E16-BD8C-4FA8-9771-BF47B6B4794E}.Debug|Any CPU.ActiveCfg = Debug|Any CPU
		{76B78E16-BD8C-4FA8-9771-BF47B6B4794E}.Debug|Any CPU.Build.0 = Debug|Any CPU
		{76B78E16-BD8C-4FA8-9771-BF47B6B4794E}.Release|Any CPU.ActiveCfg = Release|Any CPU
		{76B78E16-BD8C-4FA8-9771-BF47B6B4794E}.Release|Any CPU.Build.0 = Release|Any CPU
	EndGlobalSection
	GlobalSection(SolutionProperties) = preSolution
		HideSolutionNode = FALSE
	EndGlobalSection
	GlobalSection(ExtensibilityGlobals) = postSolution
		SolutionGuid = {C3A5AB02-C6D2-480D-90A0-5A1374EBE2FB}
	EndGlobalSection
EndGlobal
